
Microsoft Visual Studio Solution File, Format Version 12.00
# Visual Studio Version 17
VisualStudioVersion = 17.0.32014.148
MinimumVisualStudioVersion = 10.0.40219.1
Project("{FAE04EC0-301F-11D3-BF4B-00C04F79EFBC}") = "Template", "Template.csproj", "{B0F78605-1DD6-4028-9B32-09DD5763EFBF}"
EndProject
Global
	GlobalSection(SolutionConfigurationPlatforms) = preSolution
		Debug|Any CPU = Debug|Any CPU
		Release|Any CPU = Release|Any CPU
	EndGlobalSection
	GlobalSection(ProjectConfigurationPlatforms) = postSolution
		{B0F78605-1DD6-4028-9B32-09DD5763EFBF}.Debug|Any CPU.ActiveCfg = Debug|Any CPU
		{B0F78605-1DD6-4028-9B32-09DD5763EFBF}.Debug|Any CPU.Build.0 = Debug|Any CPU
		{B0F78605-1DD6-4028-9B32-09DD5763EFBF}.Release|Any CPU.ActiveCfg = Release|Any CPU
		{B0F78605-1DD6-4028-9B32-09DD5763EFBF}.Release|Any CPU.Build.0 = Release|Any CPU
	EndGlobalSection
	GlobalSection(SolutionProperties) = preSolution
		HideSolutionNode = FALSE
	EndGlobalSection
	GlobalSection(ExtensibilityGlobals) = postSolution
		SolutionGuid = {2EE54F37-4CB0-47C8-AF4E-D0F76F2B69A4}
	EndGlobalSection
EndGlobal
